# THIS IS AN AUTOGENERATED FILE. DO NOT EDIT THIS FILE DIRECTLY.
# yarn lockfile v1


csstype@^3.1.0:
  version "3.1.1"
  resolved "https://registry.yarnpkg.com/csstype/-/csstype-3.1.1.tgz#841b532c45c758ee546a11d5bd7b7b473c8c30b9"
  integrity sha512-DJR/VvkAvSZW9bTouZue2sSxDwdTN92uHjqeKVm+0dAqdfNykRzQ95tay8aXMBAAPpUiq4Qcug2L7neoRh2Egw==

solid-js@^1.6.10:
  version "1.6.10"
  resolved "https://registry.yarnpkg.com/solid-js/-/solid-js-1.6.10.tgz#fbd8e0a4adfe7b38da1885170369ede6a1cc7379"
  integrity sha512-Sf0e6PQCEFkFtbPq0L+93Ua81YQOefBEbvDJ0YXT92b6Lzw0k7UvzSd2l1BbYM+yzE3UmepU1tyMDc/3nIByjA==
  dependencies:
    csstype "^3.1.0"
